
Microsoft Visual Studio Solution File, Format Version 12.00
# Visual Studio 14
VisualStudioVersion = 14.0.25420.1
MinimumVisualStudioVersion = 10.0.40219.1
Project("{FAE04EC0-301F-11D3-BF4B-00C04F79EFBC}") = "NTier.Core", "NTier.Core\NTier.Core.csproj", "{8184641F-34BA-48C6-83FD-2FCF0D349929}"
EndProject
Project("{FAE04EC0-301F-11D3-BF4B-00C04F79EFBC}") = "NTier.Model", "NTier.Model\NTier.Model.csproj", "{B825D871-26D2-4A5D-ADC5-6AE614868E36}"
EndProject
Project("{FAE04EC0-301F-11D3-BF4B-00C04F79EFBC}") = "NTier.Service", "NTier.Service\NTier.Service.csproj", "{8E1B12C5-D4DD-4894-9814-DB8BAA8CDB55}"
EndProject
Project("{FAE04EC0-301F-11D3-BF4B-00C04F79EFBC}") = "NTierProje.UI", "NTierProje.UI\NTierProje.UI.csproj", "{ED381B24-0297-453C-BCB7-B6E48EFF10E1}"
EndProject
Project("{FAE04EC0-301F-11D3-BF4B-00C04F79EFBC}") = "NTier.AuthService", "NTier.AuthService\NTier.AuthService.csproj", "{13F135B1-A367-4CAD-931D-7A6EDB5B7EA0}"
EndProject
Global
	GlobalSection(SolutionConfigurationPlatforms) = preSolution
		Debug|Any CPU = Debug|Any CPU
		Release|Any CPU = Release|Any CPU
	EndGlobalSection
	GlobalSection(ProjectConfigurationPlatforms) = postSolution
		{8184641F-34BA-48C6-83FD-2FCF0D349929}.Debug|Any CPU.ActiveCfg = Debug|Any CPU
		{8184641F-34BA-48C6-83FD-2FCF0D349929}.Debug|Any CPU.Build.0 = Debug|Any CPU
		{8184641F-34BA-48C6-83FD-2FCF0D349929}.Release|Any CPU.ActiveCfg = Release|Any CPU
		{8184641F-34BA-48C6-83FD-2FCF0D349929}.Release|Any CPU.Build.0 = Release|Any CPU
		{B825D871-26D2-4A5D-ADC5-6AE614868E36}.Debug|Any CPU.ActiveCfg = Debug|Any CPU
		{B825D871-26D2-4A5D-ADC5-6AE614868E36}.Debug|Any CPU.Build.0 = Debug|Any CPU
		{B825D871-26D2-4A5D-ADC5-6AE614868E36}.Release|Any CPU.ActiveCfg = Release|Any CPU
		{B825D871-26D2-4A5D-ADC5-6AE614868E36}.Release|Any CPU.Build.0 = Release|Any CPU
		{8E1B12C5-D4DD-4894-9814-DB8BAA8CDB55}.Debug|Any CPU.ActiveCfg = Debug|Any CPU
		{8E1B12C5-D4DD-4894-9814-DB8BAA8CDB55}.Debug|Any CPU.Build.0 = Debug|Any CPU
		{8E1B12C5-D4DD-4894-9814-DB8BAA8CDB55}.Release|Any CPU.ActiveCfg = Release|Any CPU
		{8E1B12C5-D4DD-4894-9814-DB8BAA8CDB55}.Release|Any CPU.Build.0 = Release|Any CPU
		{ED381B24-0297-453C-BCB7-B6E48EFF10E1}.Debug|Any CPU.ActiveCfg = Debug|Any CPU
		{ED381B24-0297-453C-BCB7-B6E48EFF10E1}.Debug|Any CPU.Build.0 = Debug|Any CPU
		{ED381B24-0297-453C-BCB7-B6E48EFF10E1}.Release|Any CPU.ActiveCfg = Release|Any CPU
		{ED381B24-0297-453C-BCB7-B6E48EFF10E1}.Release|Any CPU.Build.0 = Release|Any CPU
		{13F135B1-A367-4CAD-931D-7A6EDB5B7EA0}.Debug|Any CPU.ActiveCfg = Debug|Any CPU
		{13F135B1-A367-4CAD-931D-7A6EDB5B7EA0}.Debug|Any CPU.Build.0 = Debug|Any CPU
		{13F135B1-A367-4CAD-931D-7A6EDB5B7EA0}.Release|Any CPU.ActiveCfg = Release|Any CPU
		{13F135B1-A367-4CAD-931D-7A6EDB5B7EA0}.Release|Any CPU.Build.0 = Release|Any CPU
	EndGlobalSection
	GlobalSection(SolutionProperties) = preSolution
		HideSolutionNode = FALSE
	EndGlobalSection
EndGlobal
